<?xml version="1.0" encoding="utf-8"?>
<Project ToolsVersion="4.0" xmlns="http://schemas.microsoft.com/developer/msbuild/2003">
  <ItemGroup>
    <Filter Include="Source Files">
      <UniqueIdentifier>{4FC737F1-C7A5-4376-A066-2A32D752A2FF}</UniqueIdentifier>
      <Extensions>cpp;c;cc;cxx;c++;cppm;ixx;def;odl;idl;hpj;bat;asm;asmx</Extensions>
    </Filter>
    <Filter Include="Header Files">
      <UniqueIdentifier>{93995380-89BD-4b04-88EB-625FBE52EBFB}</UniqueIdentifier>
      <Extensions>h;hh;hpp;hxx;h++;hm;inl;inc;ipp;xsd</Extensions>
    </Filter>
    <Filter Include="Resource Files">
      <UniqueIdentifier>{67DA6AB6-F800-4c08-8B7A-83BB121AAD01}</UniqueIdentifier>
      <Extensions>rc;ico;cur;bmp;dlg;rc2;rct;bin;rgs;gif;jpg;jpeg;jpe;resx;tiff;tif;png;wav;mfcribbon-ms</Extensions>
    </Filter>
    <Filter Include="Header Files\DLL Interface">
      <UniqueIdentifier>{11cbe42d-5a44-4a88-a889-61e0424dfe55}</UniqueIdentifier>
    </Filter>
    <Filter Include="Source Files\DLL Interface">
      <UniqueIdentifier>{9f79bba4-9722-4a18-bafd-4891653cacec}</UniqueIdentifier>
    </Filter>
  </ItemGroup>
  <ItemGroup>
    <ClInclude Include="interface.hpp">
      <Filter>Header Files\DLL Interface</Filter>
    </ClInclude>
    <ClInclude Include="EntityModel.h">
      <Filter>Header Files\DLL Interface</Filter>
    </ClInclude>
    <ClInclude Include="Util.h">
      <Filter>Header Files</Filter>
    </ClInclude>
    <ClInclude Include="DynamicSpan.h">
      <Filter>Header Files\DLL Interface</Filter>
    </ClInclude>
    <ClInclude Include="SubentityModel.h">
      <Filter>Header Files\DLL Interface</Filter>
    </ClInclude>
  </ItemGroup>
  <ItemGroup>
    <ClCompile Include="dllmain.cpp">
      <Filter>Source Files\DLL Interface</Filter>
    </ClCompile>
    <ClCompile Include="DynamicSpan.cpp">
      <Filter>Source Files\DLL Interface</Filter>
    </ClCompile>
    <ClCompile Include="EntityModel.cpp">
      <Filter>Source Files\DLL Interface</Filter>
    </ClCompile>
    <ClCompile Include="SubentityModel.cpp">
      <Filter>Source Files\DLL Interface</Filter>
    </ClCompile>
  </ItemGroup>
</Project>